
Microsoft Visual Studio Solution File, Format Version 12.00
# Visual Studio Version 17
VisualStudioVersion = 17.5.33414.496
MinimumVisualStudioVersion = 10.0.40219.1
Project("{9A19103F-16F7-4668-BE54-9A1E7A4F7556}") = "BookingService.API", "BookingService\BookingService.API.csproj", "{A6DF4B14-7675-44AC-8B0B-B9D2EF0BEDE9}"
EndProject
Project("{9A19103F-16F7-4668-BE54-9A1E7A4F7556}") = "BookingService.Infrastructure", "BookingService.Infrastructure\BookingService.Infrastructure.csproj", "{C359F333-60E6-4BD5-B7D6-8BA1845E00EE}"
EndProject
Project("{9A19103F-16F7-4668-BE54-9A1E7A4F7556}") = "BookingService.Domain", "BookingService.Domain\BookingService.Domain.csproj", "{72CA407A-6575-48DC-B482-DB3823DA154F}"
EndProject
Project("{9A19103F-16F7-4668-BE54-9A1E7A4F7556}") = "BookingService.Application", "BookingService.Application\BookingService.Application.csproj", "{DDCA8E9C-68F0-4BC2-87E1-99D9B1D2952E}"
EndProject
Global
	GlobalSection(SolutionConfigurationPlatforms) = preSolution
		Debug|Any CPU = Debug|Any CPU
		Release|Any CPU = Release|Any CPU
	EndGlobalSection
	GlobalSection(ProjectConfigurationPlatforms) = postSolution
		{A6DF4B14-7675-44AC-8B0B-B9D2EF0BEDE9}.Debug|Any CPU.ActiveCfg = Debug|Any CPU
		{A6DF4B14-7675-44AC-8B0B-B9D2EF0BEDE9}.Debug|Any CPU.Build.0 = Debug|Any CPU
		{A6DF4B14-7675-44AC-8B0B-B9D2EF0BEDE9}.Release|Any CPU.ActiveCfg = Release|Any CPU
		{A6DF4B14-7675-44AC-8B0B-B9D2EF0BEDE9}.Release|Any CPU.Build.0 = Release|Any CPU
		{C359F333-60E6-4BD5-B7D6-8BA1845E00EE}.Debug|Any CPU.ActiveCfg = Debug|Any CPU
		{C359F333-60E6-4BD5-B7D6-8BA1845E00EE}.Debug|Any CPU.Build.0 = Debug|Any CPU
		{C359F333-60E6-4BD5-B7D6-8BA1845E00EE}.Release|Any CPU.ActiveCfg = Release|Any CPU
		{C359F333-60E6-4BD5-B7D6-8BA1845E00EE}.Release|Any CPU.Build.0 = Release|Any CPU
		{72CA407A-6575-48DC-B482-DB3823DA154F}.Debug|Any CPU.ActiveCfg = Debug|Any CPU
		{72CA407A-6575-48DC-B482-DB3823DA154F}.Debug|Any CPU.Build.0 = Debug|Any CPU
		{72CA407A-6575-48DC-B482-DB3823DA154F}.Release|Any CPU.ActiveCfg = Release|Any CPU
		{72CA407A-6575-48DC-B482-DB3823DA154F}.Release|Any CPU.Build.0 = Release|Any CPU
		{DDCA8E9C-68F0-4BC2-87E1-99D9B1D2952E}.Debug|Any CPU.ActiveCfg = Debug|Any CPU
		{DDCA8E9C-68F0-4BC2-87E1-99D9B1D2952E}.Debug|Any CPU.Build.0 = Debug|Any CPU
		{DDCA8E9C-68F0-4BC2-87E1-99D9B1D2952E}.Release|Any CPU.ActiveCfg = Release|Any CPU
		{DDCA8E9C-68F0-4BC2-87E1-99D9B1D2952E}.Release|Any CPU.Build.0 = Release|Any CPU
	EndGlobalSection
	GlobalSection(SolutionProperties) = preSolution
		HideSolutionNode = FALSE
	EndGlobalSection
	GlobalSection(ExtensibilityGlobals) = postSolution
		SolutionGuid = {C52B3669-50D3-4862-8724-03C45D2B433F}
	EndGlobalSection
EndGlobal
